// !$*UTF8*$!
{
	archiveVersion = 1;
	classes = {
	};
	objectVersion = 46;
	objects = {

/* Begin PBXBuildFile section */
		72B1270F1BDBA07C006B3AAE /* main.m in Sources */ = {isa = PBXBuildFile; fileRef = 72B1270E1BDBA07C006B3AAE /* main.m */; };
		72B127121BDBA07C006B3AAE /* AppDelegate.m in Sources */ = {isa = PBXBuildFile; fileRef = 72B127111BDBA07C006B3AAE /* AppDelegate.m */; };
		72B127151BDBA07E006B3AAE /* ViewController.m in Sources */ = {isa = PBXBuildFile; fileRef = 72B127141BDBA07E006B3AAE /* ViewController.m */; };
		72B127181BDBA07E006B3AAE /* Main.storyboard in Resources */ = {isa = PBXBuildFile; fileRef = 72B127161BDBA07E006B3AAE /* Main.storyboard */; };
		72B1271B1BDBA07E006B3AAE /* compass.xcdatamodeld in Sources */ = {isa = PBXBuildFile; fileRef = 72B127191BDBA07E006B3AAE /* compass.xcdatamodeld */; };
		72B1271D1BDBA07F006B3AAE /* Assets.xcassets in Resources */ = {isa = PBXBuildFile; fileRef = 72B1271C1BDBA07F006B3AAE /* Assets.xcassets */; };
		72B127201BDBA07F006B3AAE /* LaunchScreen.storyboard in Resources */ = {isa = PBXBuildFile; fileRef = 72B1271E1BDBA07F006B3AAE /* LaunchScreen.storyboard */; };
		72B127291BDBA922006B3AAE /* compass.png in Resources */ = {isa = PBXBuildFile; fileRef = 72B127271BDBA922006B3AAE /* compass.png */; };
		72B1272A1BDBA922006B3AAE /* pointer.png in Resources */ = {isa = PBXBuildFile; fileRef = 72B127281BDBA922006B3AAE /* pointer.png */; };
		D7244AF41DD3D3B300A59113 /* CoreLocation.framework in Frameworks */ = {isa = PBXBuildFile; fileRef = D7244AF31DD3D3B300A59113 /* CoreLocation.framework */; };
		D7244AF61DD3D3BB00A59113 /* QuartzCore.framework in Frameworks */ = {isa = PBXBuildFile; fileRef = D7244AF51DD3D3BB00A59113 /* QuartzCore.framework */; };
		D7244AF81DD3D3C400A59113 /* CoreGraphics.framework in Frameworks */ = {isa = PBXBuildFile; fileRef = D7244AF71DD3D3C400A59113 /* CoreGraphics.framework */; };
		D7244AFA1DD3D3CD00A59113 /* Foundation.framework in Frameworks */ = {isa = PBXBuildFile; fileRef = D7244AF91DD3D3CC00A59113 /* Foundation.framework */; };
		D7244AFC1DD3D3D600A59113 /* UIKit.framework in Frameworks */ = {isa = PBXBuildFile; fileRef = D7244AFB1DD3D3D600A59113 /* UIKit.framework */; };
/* End PBXBuildFile section */

/* Begin PBXFileReference section */
		72B1270A1BDBA078006B3AAE /* compass.app */ = {isa = PBXFileReference; explicitFileType = wrapper.application; includeInIndex = 0; path = compass.app; sourceTree = BUILT_PRODUCTS_DIR; };
		72B1270E1BDBA07C006B3AAE /* main.m */ = {isa = PBXFileReference; lastKnownFileType = sourcecode.c.objc; path = main.m; sourceTree = "<group>"; };
		72B127101BDBA07C006B3AAE /* AppDelegate.h */ = {isa = PBXFileReference; lastKnownFileType = sourcecode.c.h; path = AppDelegate.h; sourceTree = "<group>"; };
		72B127111BDBA07C006B3AAE /* AppDelegate.m */ = {isa = PBXFileReference; lastKnownFileType = sourcecode.c.objc; path = AppDelegate.m; sourceTree = "<group>"; };
		72B127131BDBA07E006B3AAE /* ViewController.h */ = {isa = PBXFileReference; lastKnownFileType = sourcecode.c.h; path = ViewController.h; sourceTree = "<group>"; };
		72B127141BDBA07E006B3AAE /* ViewController.m */ = {isa = PBXFileReference; lastKnownFileType = sourcecode.c.objc; path = ViewController.m; sourceTree = "<group>"; };
		72B127171BDBA07E006B3AAE /* Base */ = {isa = PBXFileReference; lastKnownFileType = file.storyboard; name = Base; path = Base.lproj/Main.storyboard; sourceTree = "<group>"; };
		72B1271A1BDBA07E006B3AAE /* compass.xcdatamodel */ = {isa = PBXFileReference; lastKnownFileType = wrapper.xcdatamodel; path = compass.xcdatamodel; sourceTree = "<group>"; };
		72B1271C1BDBA07F006B3AAE /* Assets.xcassets */ = {isa = PBXFileReference; lastKnownFileType = folder.assetcatalog; path = Assets.xcassets; sourceTree = "<group>"; };
		72B1271F1BDBA07F006B3AAE /* Base */ = {isa = PBXFileReference; lastKnownFileType = file.storyboard; name = Base; path = Base.lproj/LaunchScreen.storyboard; sourceTree = "<group>"; };
		72B127211BDBA07F006B3AAE /* Info.plist */ = {isa = PBXFileReference; lastKnownFileType = text.plist.xml; path = Info.plist; sourceTree = "<group>"; };
		72B127271BDBA922006B3AAE /* compass.png */ = {isa = PBXFileReference; lastKnownFileType = image.png; path = compass.png; sourceTree = "<group>"; };
		72B127281BDBA922006B3AAE /* pointer.png */ = {isa = PBXFileReference; lastKnownFileType = image.png; path = pointer.png; sourceTree = "<group>"; };
		D7244AF31DD3D3B300A59113 /* CoreLocation.framework */ = {isa = PBXFileReference; lastKnownFileType = wrapper.framework; name = CoreLocation.framework; path = System/Library/Frameworks/CoreLocation.framework; sourceTree = SDKROOT; };
		D7244AF51DD3D3BB00A59113 /* QuartzCore.framework */ = {isa = PBXFileReference; lastKnownFileType = wrapper.framework; name = QuartzCore.framework; path = System/Library/Frameworks/QuartzCore.framework; sourceTree = SDKROOT; };
		D7244AF71DD3D3C400A59113 /* CoreGraphics.framework */ = {isa = PBXFileReference; lastKnownFileType = wrapper.framework; name = CoreGraphics.framework; path = System/Library/Frameworks/CoreGraphics.framework; sourceTree = SDKROOT; };
		D7244AF91DD3D3CC00A59113 /* Foundation.framework */ = {isa = PBXFileReference; lastKnownFileType = wrapper.framework; name = Foundation.framework; path = System/Library/Frameworks/Foundation.framework; sourceTree = SDKROOT; };
		D7244AFB1DD3D3D600A59113 /* UIKit.framework */ = {isa = PBXFileReference; lastKnownFileType = wrapper.framework; name = UIKit.framework; path = System/Library/Frameworks/UIKit.framework; sourceTree = SDKROOT; };
/* End PBXFileReference section */

/* Begin PBXFrameworksBuildPhase section */
		72B127071BDBA078006B3AAE /* Frameworks */ = {
			isa = PBXFrameworksBuildPhase;
			buildActionMask = 2147483647;
			files = (
				D7244AFC1DD3D3D600A59113 /* UIKit.framework in Frameworks */,
				D7244AFA1DD3D3CD00A59113 /* Foundation.framework in Frameworks */,
				D7244AF81DD3D3C400A59113 /* CoreGraphics.framework in Frameworks */,
				D7244AF61DD3D3BB00A59113 /* QuartzCore.framework in Frameworks */,
				D7244AF41DD3D3B300A59113 /* CoreLocation.framework in Frameworks */,
			);
			runOnlyForDeploymentPostprocessing = 0;
		};
/* End PBXFrameworksBuildPhase section */

/* Begin PBXGroup section */
		72B127011BDBA078006B3AAE = {
			isa = PBXGroup;
			children = (
				72B1270C1BDBA07C006B3AAE /* compass */,
				72B1270B1BDBA078006B3AAE /* Products */,
				D7244AF21DD3D3B300A59113 /* Frameworks */,
			);
			sourceTree = "<group>";
		};
		72B1270B1BDBA078006B3AAE /* Products */ = {
			isa = PBXGroup;
			children = (
				72B1270A1BDBA078006B3AAE /* compass.app */,
			);
			name = Products;
			sourceTree = "<group>";
		};
		72B1270C1BDBA07C006B3AAE /* compass */ = {
			isa = PBXGroup;
			children = (
				72B127271BDBA922006B3AAE /* compass.png */,
				72B127281BDBA922006B3AAE /* pointer.png */,
				72B127101BDBA07C006B3AAE /* AppDelegate.h */,
				72B127111BDBA07C006B3AAE /* AppDelegate.m */,
				72B127131BDBA07E006B3AAE /* ViewController.h */,
				72B127141BDBA07E006B3AAE /* ViewController.m */,
				72B127161BDBA07E006B3AAE /* Main.storyboard */,
				72B1271C1BDBA07F006B3AAE /* Assets.xcassets */,
				72B1271E1BDBA07F006B3AAE /* LaunchScreen.storyboard */,
				72B127211BDBA07F006B3AAE /* Info.plist */,
				72B127191BDBA07E006B3AAE /* compass.xcdatamodeld */,
				72B1270D1BDBA07C006B3AAE /* Supporting Files */,
			);
			path = compass;
			sourceTree = "<group>";
		};
		72B1270D1BDBA07C006B3AAE /* Supporting Files */ = {
			isa = PBXGroup;
			children = (
				72B1270E1BDBA07C006B3AAE /* main.m */,
			);
			name = "Supporting Files";
			sourceTree = "<group>";
		};
		D7244AF21DD3D3B300A59113 /* Frameworks */ = {
			isa = PBXGroup;
			children = (
				D7244AFB1DD3D3D600A59113 /* UIKit.framework */,
				D7244AF91DD3D3CC00A59113 /* Foundation.framework */,
				D7244AF71DD3D3C400A59113 /* CoreGraphics.framework */,
				D7244AF51DD3D3BB00A59113 /* QuartzCore.framework */,
				D7244AF31DD3D3B300A59113 /* CoreLocation.framework */,
			);
			name = Frameworks;
			sourceTree = "<group>";
		};
/* End PBXGroup section */

/* Begin PBXNativeTarget section */
		72B127091BDBA078006B3AAE /* compass */ = {
			isa = PBXNativeTarget;
			buildConfigurationList = 72B127241BDBA07F006B3AAE /* Build configuration list for PBXNativeTarget "compass" */;
			buildPhases = (
				72B127061BDBA078006B3AAE /* Sources */,
				72B127071BDBA078006B3AAE /* Frameworks */,
				72B127081BDBA078006B3AAE /* Resources */,
			);
			buildRules = (
			);
			dependencies = (
			);
			name = compass;
			productName = compass;
			productReference = 72B1270A1BDBA078006B3AAE /* compass.app */;
			productType = "com.apple.product-type.application";
		};
/* End PBXNativeTarget section */

/* Begin PBXProject section */
		72B127021BDBA078006B3AAE /* Project object */ = {
			isa = PBXProject;
			attributes = {
				LastUpgradeCheck = 0700;
				ORGANIZATIONNAME = "Skander Software Solutions";
				TargetAttributes = {
					72B127091BDBA078006B3AAE = {
						CreatedOnToolsVersion = 7.0.1;
						DevelopmentTeam = 449ZVE3U99;
					};
				};
			};
			buildConfigurationList = 72B127051BDBA078006B3AAE /* Build configuration list for PBXProject "compass" */;
			compatibilityVersion = "Xcode 3.2";
			developmentRegion = English;
			hasScannedForEncodings = 0;
			knownRegions = (
				en,
				Base,
			);
			mainGroup = 72B127011BDBA078006B3AAE;
			productRefGroup = 72B1270B1BDBA078006B3AAE /* Products */;
			projectDirPath = "";
			projectRoot = "";
			targets = (
				72B127091BDBA078006B3AAE /* compass */,
			);
		};
/* End PBXProject section */

/* Begin PBXResourcesBuildPhase section */
		72B127081BDBA078006B3AAE /* Resources */ = {
			isa = PBXResourcesBuildPhase;
			buildActionMask = 2147483647;
			files = (
				72B127291BDBA922006B3AAE /* compass.png in Resources */,
				72B127201BDBA07F006B3AAE /* LaunchScreen.storyboard in Resources */,
				72B1271D1BDBA07F006B3AAE /* Assets.xcassets in Resources */,
				72B127181BDBA07E006B3AAE /* Main.storyboard in Resources */,
				72B1272A1BDBA922006B3AAE /* pointer.png in Resources */,
			);
			runOnlyForDeploymentPostprocessing = 0;
		};
/* End PBXResourcesBuildPhase section */

/* Begin PBXSourcesBuildPhase section */
		72B127061BDBA078006B3AAE /* Sources */ = {
			isa = PBXSourcesBuildPhase;
			buildActionMask = 2147483647;
			files = (
				72B127151BDBA07E006B3AAE /* ViewController.m in Sources */,
				72B127121BDBA07C006B3AAE /* AppDelegate.m in Sources */,
				72B1271B1BDBA07E006B3AAE /* compass.xcdatamodeld in Sources */,
				72B1270F1BDBA07C006B3AAE /* main.m in Sources */,
			);
			runOnlyForDeploymentPostprocessing = 0;
		};
/* End PBXSourcesBuildPhase section */

/* Begin PBXVariantGroup section */
		72B127161BDBA07E006B3AAE /* Main.storyboard */ = {
			isa = PBXVariantGroup;
			children = (
				72B127171BDBA07E006B3AAE /* Base */,
			);
			name = Main.storyboard;
			sourceTree = "<group>";
		};
		72B1271E1BDBA07F006B3AAE /* LaunchScreen.storyboard */ = {
			isa = PBXVariantGroup;
			children = (
				72B1271F1BDBA07F006B3AAE /* Base */,
			);
			name = LaunchScreen.storyboard;
			sourceTree = "<group>";
		};
/* End PBXVariantGroup section */

/* Begin XCBuildConfiguration section */
		72B127221BDBA07F006B3AAE /* Debug */ = {
			isa = XCBuildConfiguration;
			buildSettings = {
				ALWAYS_SEARCH_USER_PATHS = NO;
				CLANG_CXX_LANGUAGE_STANDARD = "gnu++0x";
				CLANG_CXX_LIBRARY = "libc++";
				CLANG_ENABLE_MODULES = YES;
				CLANG_ENABLE_OBJC_ARC = YES;
				CLANG_WARN_BOOL_CONVERSION = YES;
				CLANG_WARN_CONSTANT_CONVERSION = YES;
				CLANG_WARN_DIRECT_OBJC_ISA_USAGE = YES_ERROR;
				CLANG_WARN_EMPTY_BODY = YES;
				CLANG_WARN_ENUM_CONVERSION = YES;
				CLANG_WARN_INT_CONVERSION = YES;
				CLANG_WARN_OBJC_ROOT_CLASS = YES_ERROR;
				CLANG_WARN_UNREACHABLE_CODE = YES;
				CLANG_WARN__DUPLICATE_METHOD_MATCH = YES;
				"CODE_SIGN_IDENTITY[sdk=iphoneos*]" = "iPhone Developer";
				COPY_PHASE_STRIP = NO;
				DEBUG_INFORMATION_FORMAT = dwarf;
				ENABLE_STRICT_OBJC_MSGSEND = YES;
				ENABLE_TESTABILITY = YES;
				GCC_C_LANGUAGE_STANDARD = gnu99;
				GCC_DYNAMIC_NO_PIC = NO;
				GCC_NO_COMMON_BLOCKS = YES;
				GCC_OPTIMIZATION_LEVEL = 0;
				GCC_PREPROCESSOR_DEFINITIONS = (
					"DEBUG=1",
					"$(inherited)",
				);
				GCC_WARN_64_TO_32_BIT_CONVERSION = YES;
				GCC_WARN_ABOUT_RETURN_TYPE = YES_ERROR;
				GCC_WARN_UNDECLARED_SELECTOR = YES;
				GCC_WARN_UNINITIALIZED_AUTOS = YES_AGGRESSIVE;
				GCC_WARN_UNUSED_FUNCTION = YES;
				GCC_WARN_UNUSED_VARIABLE = YES;
				IPHONEOS_DEPLOYMENT_TARGET = 9.0;
				MTL_ENABLE_DEBUG_INFO = YES;
				ONLY_ACTIVE_ARCH = YES;
				SDKROOT = iphoneos;
			};
			name = Debug;
		};
		72B127231BDBA07F006B3AAE /* Release */ = {
			isa = XCBuildConfiguration;
			buildSettings = {
				ALWAYS_SEARCH_USER_PATHS = NO;
				CLANG_CXX_LANGUAGE_STANDARD = "gnu++0x";
				CLANG_CXX_LIBRARY = "libc++";
				CLANG_ENABLE_MODULES = YES;
				CLANG_ENABLE_OBJC_ARC = YES;
				CLANG_WARN_BOOL_CONVERSION = YES;
				CLANG_WARN_CONSTANT_CONVERSION = YES;
				CLANG_WARN_DIRECT_OBJC_ISA_USAGE = YES_ERROR;
				CLANG_WARN_EMPTY_BODY = YES;
				CLANG_WARN_ENUM_CONVERSION = YES;
				CLANG_WARN_INT_CONVERSION = YES;
				CLANG_WARN_OBJC_ROOT_CLASS = YES_ERROR;
				CLANG_WARN_UNREACHABLE_CODE = YES;
				CLANG_WARN__DUPLICATE_METHOD_MATCH = YES;
				"CODE_SIGN_IDENTITY[sdk=iphoneos*]" = "iPhone Developer";
				COPY_PHASE_STRIP = NO;
				DEBUG_INFORMATION_FORMAT = "dwarf-with-dsym";
				ENABLE_NS_ASSERTIONS = NO;
				ENABLE_STRICT_OBJC_MSGSEND = YES;
				GCC_C_LANGUAGE_STANDARD = gnu99;
				GCC_NO_COMMON_BLOCKS = YES;
				GCC_WARN_64_TO_32_BIT_CONVERSION = YES;
				GCC_WARN_ABOUT_RETURN_TYPE = YES_ERROR;
				GCC_WARN_UNDECLARED_SELECTOR = YES;
				GCC_WARN_UNINITIALIZED_AUTOS = YES_AGGRESSIVE;
				GCC_WARN_UNUSED_FUNCTION = YES;
				GCC_WARN_UNUSED_VARIABLE = YES;
				IPHONEOS_DEPLOYMENT_TARGET = 9.0;
				MTL_ENABLE_DEBUG_INFO = NO;
				SDKROOT = iphoneos;
				VALIDATE_PRODUCT = YES;
			};
			name = Release;
		};
		72B127251BDBA07F006B3AAE /* Debug */ = {
			isa = XCBuildConfiguration;
			buildSettings = {
				ASSETCATALOG_COMPILER_APPICON_NAME = AppIcon;
				CODE_SIGN_IDENTITY = "iPhone Developer";
				"CODE_SIGN_IDENTITY[sdk=iphoneos*]" = "iPhone Developer";
				DEVELOPMENT_TEAM = 449ZVE3U99;
				INFOPLIST_FILE = compass/Info.plist;
				LD_RUNPATH_SEARCH_PATHS = "$(inherited) @executable_path/Frameworks";
				PRODUCT_BUNDLE_IDENTIFIER = com.skanderjabouzi.compass;
				PRODUCT_NAME = "$(TARGET_NAME)";
				PROVISIONING_PROFILE = "";
			};
			name = Debug;
		};
		72B127261BDBA07F006B3AAE /* Release */ = {
			isa = XCBuildConfiguration;
			buildSettings = {
				ASSETCATALOG_COMPILER_APPICON_NAME = AppIcon;
				CODE_SIGN_IDENTITY = "iPhone Developer";
				"CODE_SIGN_IDENTITY[sdk=iphoneos*]" = "iPhone Developer";
				DEVELOPMENT_TEAM = 449ZVE3U99;
				INFOPLIST_FILE = compass/Info.plist;
				LD_RUNPATH_SEARCH_PATHS = "$(inherited) @executable_path/Frameworks";
				PRODUCT_BUNDLE_IDENTIFIER = com.skanderjabouzi.compass;
				PRODUCT_NAME = "$(TARGET_NAME)";
				PROVISIONING_PROFILE = "";
			};
			name = Release;
		};
/* End XCBuildConfiguration section */

/* Begin XCConfigurationList section */
		72B127051BDBA078006B3AAE /* Build configuration list for PBXProject "compass" */ = {
			isa = XCConfigurationList;
			buildConfigurations = (
				72B127221BDBA07F006B3AAE /* Debug */,
				72B127231BDBA07F006B3AAE /* Release */,
			);
			defaultConfigurationIsVisible = 0;
			defaultConfigurationName = Release;
		};
		72B127241BDBA07F006B3AAE /* Build configuration list for PBXNativeTarget "compass" */ = {
			isa = XCConfigurationList;
			buildConfigurations = (
				72B127251BDBA07F006B3AAE /* Debug */,
				72B127261BDBA07F006B3AAE /* Release */,
			);
			defaultConfigurationIsVisible = 0;
			defaultConfigurationName = Release;
		};
/* End XCConfigurationList section */

/* Begin XCVersionGroup section */
		72B127191BDBA07E006B3AAE /* compass.xcdatamodeld */ = {
			isa = XCVersionGroup;
			children = (
				72B1271A1BDBA07E006B3AAE /* compass.xcdatamodel */,
			);
			currentVersion = 72B1271A1BDBA07E006B3AAE /* compass.xcdatamodel */;
			path = compass.xcdatamodeld;
			sourceTree = "<group>";
			versionGroupType = wrapper.xcdatamodel;
		};
/* End XCVersionGroup section */
	};
	rootObject = 72B127021BDBA078006B3AAE /* Project object */;
}
